<?xml version="1.0" encoding="utf-8"?>
<Project ToolsVersion="4.0" xmlns="http://schemas.microsoft.com/developer/msbuild/2003">
  <ItemGroup>
    <Filter Include="Form Files">
      <UniqueIdentifier>{99349809-55BA-4b9d-BF79-8FDBB0286EB3}</UniqueIdentifier>
      <Extensions>ui</Extensions>
      <ParseFiles>false</ParseFiles>
    </Filter>
    <Filter Include="Form Files">
      <UniqueIdentifier>{99349809-55BA-4b9d-BF79-8FDBB0286EB3}</UniqueIdentifier>
      <Extensions>ui</Extensions>
      <ParseFiles>false</ParseFiles>
    </Filter>
    <Filter Include="Generated Files">
      <UniqueIdentifier>{71ED8ED8-ACB9-4CE9-BBE1-E00B30144E11}</UniqueIdentifier>
      <Extensions>cpp;c;cxx;moc;h;def;odl;idl;res;</Extensions>
    </Filter>
    <Filter Include="Generated Files">
      <UniqueIdentifier>{71ED8ED8-ACB9-4CE9-BBE1-E00B30144E11}</UniqueIdentifier>
      <Extensions>cpp;c;cxx;moc;h;def;odl;idl;res;</Extensions>
    </Filter>
    <Filter Include="Header Files">
      <UniqueIdentifier>{93995380-89BD-4b04-88EB-625FBE52EBFB}</UniqueIdentifier>
      <Extensions>h;hpp;hxx;hm;inl;inc;xsd</Extensions>
    </Filter>
    <Filter Include="Header Files">
      <UniqueIdentifier>{93995380-89BD-4b04-88EB-625FBE52EBFB}</UniqueIdentifier>
      <Extensions>h;hpp;hxx;hm;inl;inc;xsd</Extensions>
    </Filter>
    <Filter Include="Source Files">
      <UniqueIdentifier>{4FC737F1-C7A5-4376-A066-2A32D752A2FF}</UniqueIdentifier>
      <Extensions>cpp;c;cxx;def;odl;idl;hpj;bat;asm;asmx</Extensions>
    </Filter>
    <Filter Include="Source Files">
      <UniqueIdentifier>{4FC737F1-C7A5-4376-A066-2A32D752A2FF}</UniqueIdentifier>
      <Extensions>cpp;c;cxx;def;odl;idl;hpj;bat;asm;asmx</Extensions>
    </Filter>
  </ItemGroup>
  <ItemGroup>
    <ClCompile Include="..\common\configuremidiplugin.cpp">
      <Filter>Source Files</Filter>
    </ClCompile>
    <ClCompile Include="..\common\mididevice.cpp">
      <Filter>Source Files</Filter>
    </ClCompile>
    <ClCompile Include="..\common\midiinputdevice.cpp">
      <Filter>Source Files</Filter>
    </ClCompile>
    <ClCompile Include="..\common\midioutputdevice.cpp">
      <Filter>Source Files</Filter>
    </ClCompile>
    <ClCompile Include="..\common\midiplugin.cpp">
      <Filter>Source Files</Filter>
    </ClCompile>
    <ClCompile Include="..\common\midiprotocol.cpp">
      <Filter>Source Files</Filter>
    </ClCompile>
    <ClCompile Include="..\common\miditemplate.cpp">
      <Filter>Source Files</Filter>
    </ClCompile>
    <ClCompile Include="..\..\..\..\engine\src\qlcfile.cpp">
      <Filter>Source Files</Filter>
    </ClCompile>
    <ClCompile Include="..\..\..\interfaces\qlcioplugin.cpp">
      <Filter>Source Files</Filter>
    </ClCompile>
    <ClCompile Include="win32midienumerator.cpp">
      <Filter>Source Files</Filter>
    </ClCompile>
    <ClCompile Include="win32midiinputdevice.cpp">
      <Filter>Source Files</Filter>
    </ClCompile>
    <ClCompile Include="win32midioutputdevice.cpp">
      <Filter>Source Files</Filter>
    </ClCompile>
  </ItemGroup>
  <ItemGroup>
    <QtMoc Include="..\common\configuremidiplugin.h">
      <Filter>Header Files</Filter>
    </QtMoc>
    <QtMoc Include="..\common\mididevice.h">
      <Filter>Header Files</Filter>
    </QtMoc>
    <QtMoc Include="..\common\midienumerator.h">
      <Filter>Header Files</Filter>
    </QtMoc>
    <QtMoc Include="..\common\midiinputdevice.h">
      <Filter>Header Files</Filter>
    </QtMoc>
    <QtMoc Include="..\common\midioutputdevice.h">
      <Filter>Header Files</Filter>
    </QtMoc>
    <QtMoc Include="..\common\midiplugin.h">
      <Filter>Header Files</Filter>
    </QtMoc>
    <ClInclude Include="..\common\midiprotocol.h">
      <Filter>Header Files</Filter>
    </ClInclude>
    <ClInclude Include="..\common\miditemplate.h">
      <Filter>Header Files</Filter>
    </ClInclude>
    <ClInclude Include="..\..\..\..\engine\src\qlcfile.h">
      <Filter>Header Files</Filter>
    </ClInclude>
    <QtMoc Include="..\..\..\interfaces\qlcioplugin.h">
      <Filter>Header Files</Filter>
    </QtMoc>
    <QtMoc Include="win32midienumeratorprivate.h">
      <Filter>Header Files</Filter>
    </QtMoc>
    <QtMoc Include="win32midiinputdevice.h">
      <Filter>Header Files</Filter>
    </QtMoc>
    <QtMoc Include="win32midioutputdevice.h">
      <Filter>Header Files</Filter>
    </QtMoc>
  </ItemGroup>
  <ItemGroup>
    <QtUic Include="..\common\configuremidiplugin.ui">
      <Filter>Form Files</Filter>
    </QtUic>
  </ItemGroup>
</Project>
